// !$*UTF8*$!
{
	archiveVersion = 1;
	classes = {
	};
	objectVersion = 50;
	objects = {

/* Begin PBXBuildFile section */
		379F481621439A4200283587 /* ViewController.swift in Sources */ = {isa = PBXBuildFile; fileRef = 379F481521439A4200283587 /* ViewController.swift */; };
		37FBE41621439741007ABDE8 /* AppDelegate.swift in Sources */ = {isa = PBXBuildFile; fileRef = 37FBE41521439741007ABDE8 /* AppDelegate.swift */; };
		37FBE41D21439742007ABDE8 /* Assets.xcassets in Resources */ = {isa = PBXBuildFile; fileRef = 37FBE41C21439742007ABDE8 /* Assets.xcassets */; };
		37FBE42021439742007ABDE8 /* LaunchScreen.storyboard in Resources */ = {isa = PBXBuildFile; fileRef = 37FBE41E21439742007ABDE8 /* LaunchScreen.storyboard */; };
		37FBE42B21439742007ABDE8 /* CRUDTests.swift in Sources */ = {isa = PBXBuildFile; fileRef = 37FBE42A21439742007ABDE8 /* CRUDTests.swift */; };
		37FBE43A21439797007ABDE8 /* ViewController.swift in Sources */ = {isa = PBXBuildFile; fileRef = 37FBE43521439796007ABDE8 /* ViewController.swift */; };
		37FBE43B21439797007ABDE8 /* AddUserViewController.swift in Sources */ = {isa = PBXBuildFile; fileRef = 37FBE43621439796007ABDE8 /* AddUserViewController.swift */; };
		37FBE43C21439797007ABDE8 /* UserForm.swift in Sources */ = {isa = PBXBuildFile; fileRef = 37FBE43721439796007ABDE8 /* UserForm.swift */; };
		37FBE43D21439797007ABDE8 /* Model.swift in Sources */ = {isa = PBXBuildFile; fileRef = 37FBE43821439796007ABDE8 /* Model.swift */; };
		37FBE43E21439797007ABDE8 /* EditUserViewController.swift in Sources */ = {isa = PBXBuildFile; fileRef = 37FBE43921439796007ABDE8 /* EditUserViewController.swift */; };
/* End PBXBuildFile section */

/* Begin PBXContainerItemProxy section */
		37FBE42721439742007ABDE8 /* PBXContainerItemProxy */ = {
			isa = PBXContainerItemProxy;
			containerPortal = 37FBE40A21439741007ABDE8 /* Project object */;
			proxyType = 1;
			remoteGlobalIDString = 37FBE41121439741007ABDE8;
			remoteInfo = CRUD;
		};
/* End PBXContainerItemProxy section */

/* Begin PBXFileReference section */
		379F481521439A4200283587 /* ViewController.swift */ = {isa = PBXFileReference; fileEncoding = 4; lastKnownFileType = sourcecode.swift; path = ViewController.swift; sourceTree = "<group>"; };
		37FBE41221439741007ABDE8 /* CRUD.app */ = {isa = PBXFileReference; explicitFileType = wrapper.application; includeInIndex = 0; path = CRUD.app; sourceTree = BUILT_PRODUCTS_DIR; };
		37FBE41521439741007ABDE8 /* AppDelegate.swift */ = {isa = PBXFileReference; lastKnownFileType = sourcecode.swift; path = AppDelegate.swift; sourceTree = "<group>"; };
		37FBE41C21439742007ABDE8 /* Assets.xcassets */ = {isa = PBXFileReference; lastKnownFileType = folder.assetcatalog; path = Assets.xcassets; sourceTree = "<group>"; };
		37FBE41F21439742007ABDE8 /* Base */ = {isa = PBXFileReference; lastKnownFileType = file.storyboard; name = Base; path = Base.lproj/LaunchScreen.storyboard; sourceTree = "<group>"; };
		37FBE42121439742007ABDE8 /* Info.plist */ = {isa = PBXFileReference; lastKnownFileType = text.plist.xml; path = Info.plist; sourceTree = "<group>"; };
		37FBE42621439742007ABDE8 /* CRUDTests.xctest */ = {isa = PBXFileReference; explicitFileType = wrapper.cfbundle; includeInIndex = 0; path = CRUDTests.xctest; sourceTree = BUILT_PRODUCTS_DIR; };
		37FBE42A21439742007ABDE8 /* CRUDTests.swift */ = {isa = PBXFileReference; lastKnownFileType = sourcecode.swift; path = CRUDTests.swift; sourceTree = "<group>"; };
		37FBE42C21439742007ABDE8 /* Info.plist */ = {isa = PBXFileReference; lastKnownFileType = text.plist.xml; path = Info.plist; sourceTree = "<group>"; };
		37FBE43521439796007ABDE8 /* ViewController.swift */ = {isa = PBXFileReference; fileEncoding = 4; lastKnownFileType = sourcecode.swift; name = ViewController.swift; path = ../../ios_crud_app0/ios_crud_app/ViewController.swift; sourceTree = "<group>"; };
		37FBE43621439796007ABDE8 /* AddUserViewController.swift */ = {isa = PBXFileReference; fileEncoding = 4; lastKnownFileType = sourcecode.swift; path = AddUserViewController.swift; sourceTree = "<group>"; };
		37FBE43721439796007ABDE8 /* UserForm.swift */ = {isa = PBXFileReference; fileEncoding = 4; lastKnownFileType = sourcecode.swift; path = UserForm.swift; sourceTree = "<group>"; };
		37FBE43821439796007ABDE8 /* Model.swift */ = {isa = PBXFileReference; fileEncoding = 4; lastKnownFileType = sourcecode.swift; path = Model.swift; sourceTree = "<group>"; };
		37FBE43921439796007ABDE8 /* EditUserViewController.swift */ = {isa = PBXFileReference; fileEncoding = 4; lastKnownFileType = sourcecode.swift; path = EditUserViewController.swift; sourceTree = "<group>"; };
/* End PBXFileReference section */

/* Begin PBXFrameworksBuildPhase section */
		37FBE40F21439741007ABDE8 /* Frameworks */ = {
			isa = PBXFrameworksBuildPhase;
			buildActionMask = 2147483647;
			files = (
			);
			runOnlyForDeploymentPostprocessing = 0;
		};
		37FBE42321439742007ABDE8 /* Frameworks */ = {
			isa = PBXFrameworksBuildPhase;
			buildActionMask = 2147483647;
			files = (
			);
			runOnlyForDeploymentPostprocessing = 0;
		};
/* End PBXFrameworksBuildPhase section */

/* Begin PBXGroup section */
		37FBE40921439741007ABDE8 = {
			isa = PBXGroup;
			children = (
				37FBE41421439741007ABDE8 /* CRUD */,
				37FBE42921439742007ABDE8 /* CRUDTests */,
				37FBE41321439741007ABDE8 /* Products */,
			);
			sourceTree = "<group>";
		};
		37FBE41321439741007ABDE8 /* Products */ = {
			isa = PBXGroup;
			children = (
				37FBE41221439741007ABDE8 /* CRUD.app */,
				37FBE42621439742007ABDE8 /* CRUDTests.xctest */,
			);
			name = Products;
			sourceTree = "<group>";
		};
		37FBE41421439741007ABDE8 /* CRUD */ = {
			isa = PBXGroup;
			children = (
				37FBE41521439741007ABDE8 /* AppDelegate.swift */,
				37FBE43621439796007ABDE8 /* AddUserViewController.swift */,
				37FBE43721439796007ABDE8 /* UserForm.swift */,
				37FBE43921439796007ABDE8 /* EditUserViewController.swift */,
				37FBE43521439796007ABDE8 /* ViewController.swift */,
				379F481521439A4200283587 /* ViewController.swift */,
				37FBE43821439796007ABDE8 /* Model.swift */,
				37FBE41C21439742007ABDE8 /* Assets.xcassets */,
				37FBE41E21439742007ABDE8 /* LaunchScreen.storyboard */,
				37FBE42121439742007ABDE8 /* Info.plist */,
			);
			path = CRUD;
			sourceTree = "<group>";
		};
		37FBE42921439742007ABDE8 /* CRUDTests */ = {
			isa = PBXGroup;
			children = (
				37FBE42A21439742007ABDE8 /* CRUDTests.swift */,
				37FBE42C21439742007ABDE8 /* Info.plist */,
			);
			path = CRUDTests;
			sourceTree = "<group>";
		};
/* End PBXGroup section */

/* Begin PBXNativeTarget section */
		37FBE41121439741007ABDE8 /* CRUD */ = {
			isa = PBXNativeTarget;
			buildConfigurationList = 37FBE42F21439742007ABDE8 /* Build configuration list for PBXNativeTarget "CRUD" */;
			buildPhases = (
				37FBE40E21439741007ABDE8 /* Sources */,
				37FBE40F21439741007ABDE8 /* Frameworks */,
				37FBE41021439741007ABDE8 /* Resources */,
			);
			buildRules = (
			);
			dependencies = (
			);
			name = CRUD;
			productName = CRUD;
			productReference = 37FBE41221439741007ABDE8 /* CRUD.app */;
			productType = "com.apple.product-type.application";
		};
		37FBE42521439742007ABDE8 /* CRUDTests */ = {
			isa = PBXNativeTarget;
			buildConfigurationList = 37FBE43221439742007ABDE8 /* Build configuration list for PBXNativeTarget "CRUDTests" */;
			buildPhases = (
				37FBE42221439742007ABDE8 /* Sources */,
				37FBE42321439742007ABDE8 /* Frameworks */,
				37FBE42421439742007ABDE8 /* Resources */,
			);
			buildRules = (
			);
			dependencies = (
				37FBE42821439742007ABDE8 /* PBXTargetDependency */,
			);
			name = CRUDTests;
			productName = CRUDTests;
			productReference = 37FBE42621439742007ABDE8 /* CRUDTests.xctest */;
			productType = "com.apple.product-type.bundle.unit-test";
		};
/* End PBXNativeTarget section */

/* Begin PBXProject section */
		37FBE40A21439741007ABDE8 /* Project object */ = {
			isa = PBXProject;
			attributes = {
				LastSwiftUpdateCheck = 0940;
				LastUpgradeCheck = 0940;
				ORGANIZATIONNAME = "Yoshua Elmaryono";
				TargetAttributes = {
					37FBE41121439741007ABDE8 = {
						CreatedOnToolsVersion = 9.4.1;
					};
					37FBE42521439742007ABDE8 = {
						CreatedOnToolsVersion = 9.4.1;
						TestTargetID = 37FBE41121439741007ABDE8;
					};
				};
			};
			buildConfigurationList = 37FBE40D21439741007ABDE8 /* Build configuration list for PBXProject "CRUD" */;
			compatibilityVersion = "Xcode 9.3";
			developmentRegion = en;
			hasScannedForEncodings = 0;
			knownRegions = (
				en,
				Base,
			);
			mainGroup = 37FBE40921439741007ABDE8;
			productRefGroup = 37FBE41321439741007ABDE8 /* Products */;
			projectDirPath = "";
			projectRoot = "";
			targets = (
				37FBE41121439741007ABDE8 /* CRUD */,
				37FBE42521439742007ABDE8 /* CRUDTests */,
			);
		};
/* End PBXProject section */

/* Begin PBXResourcesBuildPhase section */
		37FBE41021439741007ABDE8 /* Resources */ = {
			isa = PBXResourcesBuildPhase;
			buildActionMask = 2147483647;
			files = (
				37FBE42021439742007ABDE8 /* LaunchScreen.storyboard in Resources */,
				37FBE41D21439742007ABDE8 /* Assets.xcassets in Resources */,
			);
			runOnlyForDeploymentPostprocessing = 0;
		};
		37FBE42421439742007ABDE8 /* Resources */ = {
			isa = PBXResourcesBuildPhase;
			buildActionMask = 2147483647;
			files = (
			);
			runOnlyForDeploymentPostprocessing = 0;
		};
/* End PBXResourcesBuildPhase section */

/* Begin PBXSourcesBuildPhase section */
		37FBE40E21439741007ABDE8 /* Sources */ = {
			isa = PBXSourcesBuildPhase;
			buildActionMask = 2147483647;
			files = (
				37FBE43A21439797007ABDE8 /* ViewController.swift in Sources */,
				37FBE43B21439797007ABDE8 /* AddUserViewController.swift in Sources */,
				37FBE43D21439797007ABDE8 /* Model.swift in Sources */,
				37FBE43C21439797007ABDE8 /* UserForm.swift in Sources */,
				379F481621439A4200283587 /* ViewController.swift in Sources */,
				37FBE43E21439797007ABDE8 /* EditUserViewController.swift in Sources */,
				37FBE41621439741007ABDE8 /* AppDelegate.swift in Sources */,
			);
			runOnlyForDeploymentPostprocessing = 0;
		};
		37FBE42221439742007ABDE8 /* Sources */ = {
			isa = PBXSourcesBuildPhase;
			buildActionMask = 2147483647;
			files = (
				37FBE42B21439742007ABDE8 /* CRUDTests.swift in Sources */,
			);
			runOnlyForDeploymentPostprocessing = 0;
		};
/* End PBXSourcesBuildPhase section */

/* Begin PBXTargetDependency section */
		37FBE42821439742007ABDE8 /* PBXTargetDependency */ = {
			isa = PBXTargetDependency;
			target = 37FBE41121439741007ABDE8 /* CRUD */;
			targetProxy = 37FBE42721439742007ABDE8 /* PBXContainerItemProxy */;
		};
/* End PBXTargetDependency section */

/* Begin PBXVariantGroup section */
		37FBE41E21439742007ABDE8 /* LaunchScreen.storyboard */ = {
			isa = PBXVariantGroup;
			children = (
				37FBE41F21439742007ABDE8 /* Base */,
			);
			name = LaunchScreen.storyboard;
			sourceTree = "<group>";
		};
/* End PBXVariantGroup section */

/* Begin XCBuildConfiguration section */
		37FBE42D21439742007ABDE8 /* Debug */ = {
			isa = XCBuildConfiguration;
			buildSettings = {
				ALWAYS_SEARCH_USER_PATHS = NO;
				CLANG_ANALYZER_NONNULL = YES;
				CLANG_ANALYZER_NUMBER_OBJECT_CONVERSION = YES_AGGRESSIVE;
				CLANG_CXX_LANGUAGE_STANDARD = "gnu++14";
				CLANG_CXX_LIBRARY = "libc++";
				CLANG_ENABLE_MODULES = YES;
				CLANG_ENABLE_OBJC_ARC = YES;
				CLANG_ENABLE_OBJC_WEAK = YES;
				CLANG_WARN_BLOCK_CAPTURE_AUTORELEASING = YES;
				CLANG_WARN_BOOL_CONVERSION = YES;
				CLANG_WARN_COMMA = YES;
				CLANG_WARN_CONSTANT_CONVERSION = YES;
				CLANG_WARN_DEPRECATED_OBJC_IMPLEMENTATIONS = YES;
				CLANG_WARN_DIRECT_OBJC_ISA_USAGE = YES_ERROR;
				CLANG_WARN_DOCUMENTATION_COMMENTS = YES;
				CLANG_WARN_EMPTY_BODY = YES;
				CLANG_WARN_ENUM_CONVERSION = YES;
				CLANG_WARN_INFINITE_RECURSION = YES;
				CLANG_WARN_INT_CONVERSION = YES;
				CLANG_WARN_NON_LITERAL_NULL_CONVERSION = YES;
				CLANG_WARN_OBJC_IMPLICIT_RETAIN_SELF = YES;
				CLANG_WARN_OBJC_LITERAL_CONVERSION = YES;
				CLANG_WARN_OBJC_ROOT_CLASS = YES_ERROR;
				CLANG_WARN_RANGE_LOOP_ANALYSIS = YES;
				CLANG_WARN_STRICT_PROTOTYPES = YES;
				CLANG_WARN_SUSPICIOUS_MOVE = YES;
				CLANG_WARN_UNGUARDED_AVAILABILITY = YES_AGGRESSIVE;
				CLANG_WARN_UNREACHABLE_CODE = YES;
				CLANG_WARN__DUPLICATE_METHOD_MATCH = YES;
				CODE_SIGN_IDENTITY = "iPhone Developer";
				COPY_PHASE_STRIP = NO;
				DEBUG_INFORMATION_FORMAT = dwarf;
				ENABLE_STRICT_OBJC_MSGSEND = YES;
				ENABLE_TESTABILITY = YES;
				GCC_C_LANGUAGE_STANDARD = gnu11;
				GCC_DYNAMIC_NO_PIC = NO;
				GCC_NO_COMMON_BLOCKS = YES;
				GCC_OPTIMIZATION_LEVEL = 0;
				GCC_PREPROCESSOR_DEFINITIONS = (
					"DEBUG=1",
					"$(inherited)",
				);
				GCC_WARN_64_TO_32_BIT_CONVERSION = YES;
				GCC_WARN_ABOUT_RETURN_TYPE = YES_ERROR;
				GCC_WARN_UNDECLARED_SELECTOR = YES;
				GCC_WARN_UNINITIALIZED_AUTOS = YES_AGGRESSIVE;
				GCC_WARN_UNUSED_FUNCTION = YES;
				GCC_WARN_UNUSED_VARIABLE = YES;
				IPHONEOS_DEPLOYMENT_TARGET = 11.4;
				MTL_ENABLE_DEBUG_INFO = YES;
				ONLY_ACTIVE_ARCH = YES;
				SDKROOT = iphoneos;
				SWIFT_ACTIVE_COMPILATION_CONDITIONS = DEBUG;
				SWIFT_OPTIMIZATION_LEVEL = "-Onone";
			};
			name = Debug;
		};
		37FBE42E21439742007ABDE8 /* Release */ = {
			isa = XCBuildConfiguration;
			buildSettings = {
				ALWAYS_SEARCH_USER_PATHS = NO;
				CLANG_ANALYZER_NONNULL = YES;
				CLANG_ANALYZER_NUMBER_OBJECT_CONVERSION = YES_AGGRESSIVE;
				CLANG_CXX_LANGUAGE_STANDARD = "gnu++14";
				CLANG_CXX_LIBRARY = "libc++";
				CLANG_ENABLE_MODULES = YES;
				CLANG_ENABLE_OBJC_ARC = YES;
				CLANG_ENABLE_OBJC_WEAK = YES;
				CLANG_WARN_BLOCK_CAPTURE_AUTORELEASING = YES;
				CLANG_WARN_BOOL_CONVERSION = YES;
				CLANG_WARN_COMMA = YES;
				CLANG_WARN_CONSTANT_CONVERSION = YES;
				CLANG_WARN_DEPRECATED_OBJC_IMPLEMENTATIONS = YES;
				CLANG_WARN_DIRECT_OBJC_ISA_USAGE = YES_ERROR;
				CLANG_WARN_DOCUMENTATION_COMMENTS = YES;
				CLANG_WARN_EMPTY_BODY = YES;
				CLANG_WARN_ENUM_CONVERSION = YES;
				CLANG_WARN_INFINITE_RECURSION = YES;
				CLANG_WARN_INT_CONVERSION = YES;
				CLANG_WARN_NON_LITERAL_NULL_CONVERSION = YES;
				CLANG_WARN_OBJC_IMPLICIT_RETAIN_SELF = YES;
				CLANG_WARN_OBJC_LITERAL_CONVERSION = YES;
				CLANG_WARN_OBJC_ROOT_CLASS = YES_ERROR;
				CLANG_WARN_RANGE_LOOP_ANALYSIS = YES;
				CLANG_WARN_STRICT_PROTOTYPES = YES;
				CLANG_WARN_SUSPICIOUS_MOVE = YES;
				CLANG_WARN_UNGUARDED_AVAILABILITY = YES_AGGRESSIVE;
				CLANG_WARN_UNREACHABLE_CODE = YES;
				CLANG_WARN__DUPLICATE_METHOD_MATCH = YES;
				CODE_SIGN_IDENTITY = "iPhone Developer";
				COPY_PHASE_STRIP = NO;
				DEBUG_INFORMATION_FORMAT = "dwarf-with-dsym";
				ENABLE_NS_ASSERTIONS = NO;
				ENABLE_STRICT_OBJC_MSGSEND = YES;
				GCC_C_LANGUAGE_STANDARD = gnu11;
				GCC_NO_COMMON_BLOCKS = YES;
				GCC_WARN_64_TO_32_BIT_CONVERSION = YES;
				GCC_WARN_ABOUT_RETURN_TYPE = YES_ERROR;
				GCC_WARN_UNDECLARED_SELECTOR = YES;
				GCC_WARN_UNINITIALIZED_AUTOS = YES_AGGRESSIVE;
				GCC_WARN_UNUSED_FUNCTION = YES;
				GCC_WARN_UNUSED_VARIABLE = YES;
				IPHONEOS_DEPLOYMENT_TARGET = 11.4;
				MTL_ENABLE_DEBUG_INFO = NO;
				SDKROOT = iphoneos;
				SWIFT_COMPILATION_MODE = wholemodule;
				SWIFT_OPTIMIZATION_LEVEL = "-O";
				VALIDATE_PRODUCT = YES;
			};
			name = Release;
		};
		37FBE43021439742007ABDE8 /* Debug */ = {
			isa = XCBuildConfiguration;
			buildSettings = {
				ASSETCATALOG_COMPILER_APPICON_NAME = AppIcon;
				CODE_SIGN_STYLE = Automatic;
				DEVELOPMENT_TEAM = N55A3MSD3W;
				INFOPLIST_FILE = CRUD/Info.plist;
				LD_RUNPATH_SEARCH_PATHS = (
					"$(inherited)",
					"@executable_path/Frameworks",
				);
				PRODUCT_BUNDLE_IDENTIFIER = "yoshua-elmaryono.CRUD";
				PRODUCT_NAME = "$(TARGET_NAME)";
				SWIFT_VERSION = 4.0;
				TARGETED_DEVICE_FAMILY = "1,2";
			};
			name = Debug;
		};
		37FBE43121439742007ABDE8 /* Release */ = {
			isa = XCBuildConfiguration;
			buildSettings = {
				ASSETCATALOG_COMPILER_APPICON_NAME = AppIcon;
				CODE_SIGN_STYLE = Automatic;
				DEVELOPMENT_TEAM = N55A3MSD3W;
				INFOPLIST_FILE = CRUD/Info.plist;
				LD_RUNPATH_SEARCH_PATHS = (
					"$(inherited)",
					"@executable_path/Frameworks",
				);
				PRODUCT_BUNDLE_IDENTIFIER = "yoshua-elmaryono.CRUD";
				PRODUCT_NAME = "$(TARGET_NAME)";
				SWIFT_VERSION = 4.0;
				TARGETED_DEVICE_FAMILY = "1,2";
			};
			name = Release;
		};
		37FBE43321439742007ABDE8 /* Debug */ = {
			isa = XCBuildConfiguration;
			buildSettings = {
				ALWAYS_EMBED_SWIFT_STANDARD_LIBRARIES = YES;
				BUNDLE_LOADER = "$(TEST_HOST)";
				CODE_SIGN_STYLE = Automatic;
				DEVELOPMENT_TEAM = N55A3MSD3W;
				INFOPLIST_FILE = CRUDTests/Info.plist;
				LD_RUNPATH_SEARCH_PATHS = (
					"$(inherited)",
					"@executable_path/Frameworks",
					"@loader_path/Frameworks",
				);
				PRODUCT_BUNDLE_IDENTIFIER = "yoshua-elmaryono.CRUDTests";
				PRODUCT_NAME = "$(TARGET_NAME)";
				SWIFT_VERSION = 4.0;
				TARGETED_DEVICE_FAMILY = "1,2";
				TEST_HOST = "$(BUILT_PRODUCTS_DIR)/CRUD.app/CRUD";
			};
			name = Debug;
		};
		37FBE43421439742007ABDE8 /* Release */ = {
			isa = XCBuildConfiguration;
			buildSettings = {
				ALWAYS_EMBED_SWIFT_STANDARD_LIBRARIES = YES;
				BUNDLE_LOADER = "$(TEST_HOST)";
				CODE_SIGN_STYLE = Automatic;
				DEVELOPMENT_TEAM = N55A3MSD3W;
				INFOPLIST_FILE = CRUDTests/Info.plist;
				LD_RUNPATH_SEARCH_PATHS = (
					"$(inherited)",
					"@executable_path/Frameworks",
					"@loader_path/Frameworks",
				);
				PRODUCT_BUNDLE_IDENTIFIER = "yoshua-elmaryono.CRUDTests";
				PRODUCT_NAME = "$(TARGET_NAME)";
				SWIFT_VERSION = 4.0;
				TARGETED_DEVICE_FAMILY = "1,2";
				TEST_HOST = "$(BUILT_PRODUCTS_DIR)/CRUD.app/CRUD";
			};
			name = Release;
		};
/* End XCBuildConfiguration section */

/* Begin XCConfigurationList section */
		37FBE40D21439741007ABDE8 /* Build configuration list for PBXProject "CRUD" */ = {
			isa = XCConfigurationList;
			buildConfigurations = (
				37FBE42D21439742007ABDE8 /* Debug */,
				37FBE42E21439742007ABDE8 /* Release */,
			);
			defaultConfigurationIsVisible = 0;
			defaultConfigurationName = Release;
		};
		37FBE42F21439742007ABDE8 /* Build configuration list for PBXNativeTarget "CRUD" */ = {
			isa = XCConfigurationList;
			buildConfigurations = (
				37FBE43021439742007ABDE8 /* Debug */,
				37FBE43121439742007ABDE8 /* Release */,
			);
			defaultConfigurationIsVisible = 0;
			defaultConfigurationName = Release;
		};
		37FBE43221439742007ABDE8 /* Build configuration list for PBXNativeTarget "CRUDTests" */ = {
			isa = XCConfigurationList;
			buildConfigurations = (
				37FBE43321439742007ABDE8 /* Debug */,
				37FBE43421439742007ABDE8 /* Release */,
			);
			defaultConfigurationIsVisible = 0;
			defaultConfigurationName = Release;
		};
/* End XCConfigurationList section */
	};
	rootObject = 37FBE40A21439741007ABDE8 /* Project object */;
}
